
Microsoft Visual Studio Solution File, Format Version 12.00
# Visual Studio Version 16
VisualStudioVersion = 16.0.30907.101
MinimumVisualStudioVersion = 10.0.40219.1
Project("{FAE04EC0-301F-11D3-BF4B-00C04F79EFBC}") = "webapidemo", "webapidemo.csproj", "{ABF659FA-15C0-4597-885E-D2814CE5AEB0}"
EndProject
Global
	GlobalSection(SolutionConfigurationPlatforms) = preSolution
		Debug|Any CPU = Debug|Any CPU
		Release|Any CPU = Release|Any CPU
	EndGlobalSection
	GlobalSection(ProjectConfigurationPlatforms) = postSolution
		{ABF659FA-15C0-4597-885E-D2814CE5AEB0}.Debug|Any CPU.ActiveCfg = Debug|Any CPU
		{ABF659FA-15C0-4597-885E-D2814CE5AEB0}.Debug|Any CPU.Build.0 = Debug|Any CPU
		{ABF659FA-15C0-4597-885E-D2814CE5AEB0}.Release|Any CPU.ActiveCfg = Release|Any CPU
		{ABF659FA-15C0-4597-885E-D2814CE5AEB0}.Release|Any CPU.Build.0 = Release|Any CPU
	EndGlobalSection
	GlobalSection(SolutionProperties) = preSolution
		HideSolutionNode = FALSE
	EndGlobalSection
	GlobalSection(ExtensibilityGlobals) = postSolution
		SolutionGuid = {FAF1C9F8-62B5-4D2D-AC61-39A1385339FF}
	EndGlobalSection
EndGlobal
